// !$*UTF8*$!
{
	archiveVersion = 1;
	classes = {
	};
	objectVersion = 50;
	objects = {

/* Begin PBXBuildFile section */
		08D12B04249D20FE004ABBE6 /* AppDelegate.swift in Sources */ = {isa = PBXBuildFile; fileRef = 08D12B03249D20FE004ABBE6 /* AppDelegate.swift */; };
		08D12B06249D20FE004ABBE6 /* SceneDelegate.swift in Sources */ = {isa = PBXBuildFile; fileRef = 08D12B05249D20FE004ABBE6 /* SceneDelegate.swift */; };
		08D12B08249D20FE004ABBE6 /* ContentView.swift in Sources */ = {isa = PBXBuildFile; fileRef = 08D12B07249D20FE004ABBE6 /* ContentView.swift */; };
		08D12B0A249D20FF004ABBE6 /* Assets.xcassets in Resources */ = {isa = PBXBuildFile; fileRef = 08D12B09249D20FF004ABBE6 /* Assets.xcassets */; };
		08D12B0D249D20FF004ABBE6 /* Preview Assets.xcassets in Resources */ = {isa = PBXBuildFile; fileRef = 08D12B0C249D20FF004ABBE6 /* Preview Assets.xcassets */; };
		08D12B10249D20FF004ABBE6 /* LaunchScreen.storyboard in Resources */ = {isa = PBXBuildFile; fileRef = 08D12B0E249D20FF004ABBE6 /* LaunchScreen.storyboard */; };
		08D12B19249D220F004ABBE6 /* Employee.swift in Sources */ = {isa = PBXBuildFile; fileRef = 08D12B18249D220F004ABBE6 /* Employee.swift */; };
		08D12B1B249D221C004ABBE6 /* Team.swift in Sources */ = {isa = PBXBuildFile; fileRef = 08D12B1A249D221C004ABBE6 /* Team.swift */; };
/* End PBXBuildFile section */

/* Begin PBXFileReference section */
		08D12B00249D20FE004ABBE6 /* RosterApp.app */ = {isa = PBXFileReference; explicitFileType = wrapper.application; includeInIndex = 0; path = RosterApp.app; sourceTree = BUILT_PRODUCTS_DIR; };
		08D12B03249D20FE004ABBE6 /* AppDelegate.swift */ = {isa = PBXFileReference; lastKnownFileType = sourcecode.swift; path = AppDelegate.swift; sourceTree = "<group>"; };
		08D12B05249D20FE004ABBE6 /* SceneDelegate.swift */ = {isa = PBXFileReference; lastKnownFileType = sourcecode.swift; path = SceneDelegate.swift; sourceTree = "<group>"; };
		08D12B07249D20FE004ABBE6 /* ContentView.swift */ = {isa = PBXFileReference; lastKnownFileType = sourcecode.swift; path = ContentView.swift; sourceTree = "<group>"; };
		08D12B09249D20FF004ABBE6 /* Assets.xcassets */ = {isa = PBXFileReference; lastKnownFileType = folder.assetcatalog; path = Assets.xcassets; sourceTree = "<group>"; };
		08D12B0C249D20FF004ABBE6 /* Preview Assets.xcassets */ = {isa = PBXFileReference; lastKnownFileType = folder.assetcatalog; path = "Preview Assets.xcassets"; sourceTree = "<group>"; };
		08D12B0F249D20FF004ABBE6 /* Base */ = {isa = PBXFileReference; lastKnownFileType = file.storyboard; name = Base; path = Base.lproj/LaunchScreen.storyboard; sourceTree = "<group>"; };
		08D12B11249D20FF004ABBE6 /* Info.plist */ = {isa = PBXFileReference; lastKnownFileType = text.plist.xml; path = Info.plist; sourceTree = "<group>"; };
		08D12B18249D220F004ABBE6 /* Employee.swift */ = {isa = PBXFileReference; lastKnownFileType = sourcecode.swift; path = Employee.swift; sourceTree = "<group>"; };
		08D12B1A249D221C004ABBE6 /* Team.swift */ = {isa = PBXFileReference; lastKnownFileType = sourcecode.swift; path = Team.swift; sourceTree = "<group>"; };
/* End PBXFileReference section */

/* Begin PBXFrameworksBuildPhase section */
		08D12AFD249D20FE004ABBE6 /* Frameworks */ = {
			isa = PBXFrameworksBuildPhase;
			buildActionMask = 2147483647;
			files = (
			);
			runOnlyForDeploymentPostprocessing = 0;
		};
/* End PBXFrameworksBuildPhase section */

/* Begin PBXGroup section */
		08D12AF7249D20FE004ABBE6 = {
			isa = PBXGroup;
			children = (
				08D12B02249D20FE004ABBE6 /* RosterApp */,
				08D12B01249D20FE004ABBE6 /* Products */,
			);
			sourceTree = "<group>";
		};
		08D12B01249D20FE004ABBE6 /* Products */ = {
			isa = PBXGroup;
			children = (
				08D12B00249D20FE004ABBE6 /* RosterApp.app */,
			);
			name = Products;
			sourceTree = "<group>";
		};
		08D12B02249D20FE004ABBE6 /* RosterApp */ = {
			isa = PBXGroup;
			children = (
				08D12B17249D217E004ABBE6 /* Models */,
				08D12B03249D20FE004ABBE6 /* AppDelegate.swift */,
				08D12B05249D20FE004ABBE6 /* SceneDelegate.swift */,
				08D12B07249D20FE004ABBE6 /* ContentView.swift */,
				08D12B09249D20FF004ABBE6 /* Assets.xcassets */,
				08D12B0E249D20FF004ABBE6 /* LaunchScreen.storyboard */,
				08D12B11249D20FF004ABBE6 /* Info.plist */,
				08D12B0B249D20FF004ABBE6 /* Preview Content */,
			);
			path = RosterApp;
			sourceTree = "<group>";
		};
		08D12B0B249D20FF004ABBE6 /* Preview Content */ = {
			isa = PBXGroup;
			children = (
				08D12B0C249D20FF004ABBE6 /* Preview Assets.xcassets */,
			);
			path = "Preview Content";
			sourceTree = "<group>";
		};
		08D12B17249D217E004ABBE6 /* Models */ = {
			isa = PBXGroup;
			children = (
				08D12B18249D220F004ABBE6 /* Employee.swift */,
				08D12B1A249D221C004ABBE6 /* Team.swift */,
			);
			path = Models;
			sourceTree = "<group>";
		};
/* End PBXGroup section */

/* Begin PBXNativeTarget section */
		08D12AFF249D20FE004ABBE6 /* RosterApp */ = {
			isa = PBXNativeTarget;
			buildConfigurationList = 08D12B14249D20FF004ABBE6 /* Build configuration list for PBXNativeTarget "RosterApp" */;
			buildPhases = (
				08D12AFC249D20FE004ABBE6 /* Sources */,
				08D12AFD249D20FE004ABBE6 /* Frameworks */,
				08D12AFE249D20FE004ABBE6 /* Resources */,
			);
			buildRules = (
			);
			dependencies = (
			);
			name = RosterApp;
			productName = RosterApp;
			productReference = 08D12B00249D20FE004ABBE6 /* RosterApp.app */;
			productType = "com.apple.product-type.application";
		};
/* End PBXNativeTarget section */

/* Begin PBXProject section */
		08D12AF8249D20FE004ABBE6 /* Project object */ = {
			isa = PBXProject;
			attributes = {
				LastSwiftUpdateCheck = 1150;
				LastUpgradeCheck = 1150;
				ORGANIZATIONNAME = ykws;
				TargetAttributes = {
					08D12AFF249D20FE004ABBE6 = {
						CreatedOnToolsVersion = 11.5;
					};
				};
			};
			buildConfigurationList = 08D12AFB249D20FE004ABBE6 /* Build configuration list for PBXProject "RosterApp" */;
			compatibilityVersion = "Xcode 9.3";
			developmentRegion = en;
			hasScannedForEncodings = 0;
			knownRegions = (
				en,
				Base,
			);
			mainGroup = 08D12AF7249D20FE004ABBE6;
			productRefGroup = 08D12B01249D20FE004ABBE6 /* Products */;
			projectDirPath = "";
			projectRoot = "";
			targets = (
				08D12AFF249D20FE004ABBE6 /* RosterApp */,
			);
		};
/* End PBXProject section */

/* Begin PBXResourcesBuildPhase section */
		08D12AFE249D20FE004ABBE6 /* Resources */ = {
			isa = PBXResourcesBuildPhase;
			buildActionMask = 2147483647;
			files = (
				08D12B10249D20FF004ABBE6 /* LaunchScreen.storyboard in Resources */,
				08D12B0D249D20FF004ABBE6 /* Preview Assets.xcassets in Resources */,
				08D12B0A249D20FF004ABBE6 /* Assets.xcassets in Resources */,
			);
			runOnlyForDeploymentPostprocessing = 0;
		};
/* End PBXResourcesBuildPhase section */

/* Begin PBXSourcesBuildPhase section */
		08D12AFC249D20FE004ABBE6 /* Sources */ = {
			isa = PBXSourcesBuildPhase;
			buildActionMask = 2147483647;
			files = (
				08D12B04249D20FE004ABBE6 /* AppDelegate.swift in Sources */,
				08D12B19249D220F004ABBE6 /* Employee.swift in Sources */,
				08D12B06249D20FE004ABBE6 /* SceneDelegate.swift in Sources */,
				08D12B1B249D221C004ABBE6 /* Team.swift in Sources */,
				08D12B08249D20FE004ABBE6 /* ContentView.swift in Sources */,
			);
			runOnlyForDeploymentPostprocessing = 0;
		};
/* End PBXSourcesBuildPhase section */

/* Begin PBXVariantGroup section */
		08D12B0E249D20FF004ABBE6 /* LaunchScreen.storyboard */ = {
			isa = PBXVariantGroup;
			children = (
				08D12B0F249D20FF004ABBE6 /* Base */,
			);
			name = LaunchScreen.storyboard;
			sourceTree = "<group>";
		};
/* End PBXVariantGroup section */

/* Begin XCBuildConfiguration section */
		08D12B12249D20FF004ABBE6 /* Debug */ = {
			isa = XCBuildConfiguration;
			buildSettings = {
				ALWAYS_SEARCH_USER_PATHS = NO;
				CLANG_ANALYZER_NONNULL = YES;
				CLANG_ANALYZER_NUMBER_OBJECT_CONVERSION = YES_AGGRESSIVE;
				CLANG_CXX_LANGUAGE_STANDARD = "gnu++14";
				CLANG_CXX_LIBRARY = "libc++";
				CLANG_ENABLE_MODULES = YES;
				CLANG_ENABLE_OBJC_ARC = YES;
				CLANG_ENABLE_OBJC_WEAK = YES;
				CLANG_WARN_BLOCK_CAPTURE_AUTORELEASING = YES;
				CLANG_WARN_BOOL_CONVERSION = YES;
				CLANG_WARN_COMMA = YES;
				CLANG_WARN_CONSTANT_CONVERSION = YES;
				CLANG_WARN_DEPRECATED_OBJC_IMPLEMENTATIONS = YES;
				CLANG_WARN_DIRECT_OBJC_ISA_USAGE = YES_ERROR;
				CLANG_WARN_DOCUMENTATION_COMMENTS = YES;
				CLANG_WARN_EMPTY_BODY = YES;
				CLANG_WARN_ENUM_CONVERSION = YES;
				CLANG_WARN_INFINITE_RECURSION = YES;
				CLANG_WARN_INT_CONVERSION = YES;
				CLANG_WARN_NON_LITERAL_NULL_CONVERSION = YES;
				CLANG_WARN_OBJC_IMPLICIT_RETAIN_SELF = YES;
				CLANG_WARN_OBJC_LITERAL_CONVERSION = YES;
				CLANG_WARN_OBJC_ROOT_CLASS = YES_ERROR;
				CLANG_WARN_RANGE_LOOP_ANALYSIS = YES;
				CLANG_WARN_STRICT_PROTOTYPES = YES;
				CLANG_WARN_SUSPICIOUS_MOVE = YES;
				CLANG_WARN_UNGUARDED_AVAILABILITY = YES_AGGRESSIVE;
				CLANG_WARN_UNREACHABLE_CODE = YES;
				CLANG_WARN__DUPLICATE_METHOD_MATCH = YES;
				COPY_PHASE_STRIP = NO;
				DEBUG_INFORMATION_FORMAT = dwarf;
				ENABLE_STRICT_OBJC_MSGSEND = YES;
				ENABLE_TESTABILITY = YES;
				GCC_C_LANGUAGE_STANDARD = gnu11;
				GCC_DYNAMIC_NO_PIC = NO;
				GCC_NO_COMMON_BLOCKS = YES;
				GCC_OPTIMIZATION_LEVEL = 0;
				GCC_PREPROCESSOR_DEFINITIONS = (
					"DEBUG=1",
					"$(inherited)",
				);
				GCC_WARN_64_TO_32_BIT_CONVERSION = YES;
				GCC_WARN_ABOUT_RETURN_TYPE = YES_ERROR;
				GCC_WARN_UNDECLARED_SELECTOR = YES;
				GCC_WARN_UNINITIALIZED_AUTOS = YES_AGGRESSIVE;
				GCC_WARN_UNUSED_FUNCTION = YES;
				GCC_WARN_UNUSED_VARIABLE = YES;
				IPHONEOS_DEPLOYMENT_TARGET = 13.5;
				MTL_ENABLE_DEBUG_INFO = INCLUDE_SOURCE;
				MTL_FAST_MATH = YES;
				ONLY_ACTIVE_ARCH = YES;
				SDKROOT = iphoneos;
				SWIFT_ACTIVE_COMPILATION_CONDITIONS = DEBUG;
				SWIFT_OPTIMIZATION_LEVEL = "-Onone";
			};
			name = Debug;
		};
		08D12B13249D20FF004ABBE6 /* Release */ = {
			isa = XCBuildConfiguration;
			buildSettings = {
				ALWAYS_SEARCH_USER_PATHS = NO;
				CLANG_ANALYZER_NONNULL = YES;
				CLANG_ANALYZER_NUMBER_OBJECT_CONVERSION = YES_AGGRESSIVE;
				CLANG_CXX_LANGUAGE_STANDARD = "gnu++14";
				CLANG_CXX_LIBRARY = "libc++";
				CLANG_ENABLE_MODULES = YES;
				CLANG_ENABLE_OBJC_ARC = YES;
				CLANG_ENABLE_OBJC_WEAK = YES;
				CLANG_WARN_BLOCK_CAPTURE_AUTORELEASING = YES;
				CLANG_WARN_BOOL_CONVERSION = YES;
				CLANG_WARN_COMMA = YES;
				CLANG_WARN_CONSTANT_CONVERSION = YES;
				CLANG_WARN_DEPRECATED_OBJC_IMPLEMENTATIONS = YES;
				CLANG_WARN_DIRECT_OBJC_ISA_USAGE = YES_ERROR;
				CLANG_WARN_DOCUMENTATION_COMMENTS = YES;
				CLANG_WARN_EMPTY_BODY = YES;
				CLANG_WARN_ENUM_CONVERSION = YES;
				CLANG_WARN_INFINITE_RECURSION = YES;
				CLANG_WARN_INT_CONVERSION = YES;
				CLANG_WARN_NON_LITERAL_NULL_CONVERSION = YES;
				CLANG_WARN_OBJC_IMPLICIT_RETAIN_SELF = YES;
				CLANG_WARN_OBJC_LITERAL_CONVERSION = YES;
				CLANG_WARN_OBJC_ROOT_CLASS = YES_ERROR;
				CLANG_WARN_RANGE_LOOP_ANALYSIS = YES;
				CLANG_WARN_STRICT_PROTOTYPES = YES;
				CLANG_WARN_SUSPICIOUS_MOVE = YES;
				CLANG_WARN_UNGUARDED_AVAILABILITY = YES_AGGRESSIVE;
				CLANG_WARN_UNREACHABLE_CODE = YES;
				CLANG_WARN__DUPLICATE_METHOD_MATCH = YES;
				COPY_PHASE_STRIP = NO;
				DEBUG_INFORMATION_FORMAT = "dwarf-with-dsym";
				ENABLE_NS_ASSERTIONS = NO;
				ENABLE_STRICT_OBJC_MSGSEND = YES;
				GCC_C_LANGUAGE_STANDARD = gnu11;
				GCC_NO_COMMON_BLOCKS = YES;
				GCC_WARN_64_TO_32_BIT_CONVERSION = YES;
				GCC_WARN_ABOUT_RETURN_TYPE = YES_ERROR;
				GCC_WARN_UNDECLARED_SELECTOR = YES;
				GCC_WARN_UNINITIALIZED_AUTOS = YES_AGGRESSIVE;
				GCC_WARN_UNUSED_FUNCTION = YES;
				GCC_WARN_UNUSED_VARIABLE = YES;
				IPHONEOS_DEPLOYMENT_TARGET = 13.5;
				MTL_ENABLE_DEBUG_INFO = NO;
				MTL_FAST_MATH = YES;
				SDKROOT = iphoneos;
				SWIFT_COMPILATION_MODE = wholemodule;
				SWIFT_OPTIMIZATION_LEVEL = "-O";
				VALIDATE_PRODUCT = YES;
			};
			name = Release;
		};
		08D12B15249D20FF004ABBE6 /* Debug */ = {
			isa = XCBuildConfiguration;
			buildSettings = {
				ASSETCATALOG_COMPILER_APPICON_NAME = AppIcon;
				CODE_SIGN_STYLE = Automatic;
				DEVELOPMENT_ASSET_PATHS = "\"RosterApp/Preview Content\"";
				DEVELOPMENT_TEAM = NYT8BVWJBJ;
				ENABLE_PREVIEWS = YES;
				INFOPLIST_FILE = RosterApp/Info.plist;
				LD_RUNPATH_SEARCH_PATHS = (
					"$(inherited)",
					"@executable_path/Frameworks",
				);
				PRODUCT_BUNDLE_IDENTIFIER = io.github.ykws.RosterApp;
				PRODUCT_NAME = "$(TARGET_NAME)";
				SWIFT_VERSION = 5.0;
				TARGETED_DEVICE_FAMILY = "1,2";
			};
			name = Debug;
		};
		08D12B16249D20FF004ABBE6 /* Release */ = {
			isa = XCBuildConfiguration;
			buildSettings = {
				ASSETCATALOG_COMPILER_APPICON_NAME = AppIcon;
				CODE_SIGN_STYLE = Automatic;
				DEVELOPMENT_ASSET_PATHS = "\"RosterApp/Preview Content\"";
				DEVELOPMENT_TEAM = NYT8BVWJBJ;
				ENABLE_PREVIEWS = YES;
				INFOPLIST_FILE = RosterApp/Info.plist;
				LD_RUNPATH_SEARCH_PATHS = (
					"$(inherited)",
					"@executable_path/Frameworks",
				);
				PRODUCT_BUNDLE_IDENTIFIER = io.github.ykws.RosterApp;
				PRODUCT_NAME = "$(TARGET_NAME)";
				SWIFT_VERSION = 5.0;
				TARGETED_DEVICE_FAMILY = "1,2";
			};
			name = Release;
		};
/* End XCBuildConfiguration section */

/* Begin XCConfigurationList section */
		08D12AFB249D20FE004ABBE6 /* Build configuration list for PBXProject "RosterApp" */ = {
			isa = XCConfigurationList;
			buildConfigurations = (
				08D12B12249D20FF004ABBE6 /* Debug */,
				08D12B13249D20FF004ABBE6 /* Release */,
			);
			defaultConfigurationIsVisible = 0;
			defaultConfigurationName = Release;
		};
		08D12B14249D20FF004ABBE6 /* Build configuration list for PBXNativeTarget "RosterApp" */ = {
			isa = XCConfigurationList;
			buildConfigurations = (
				08D12B15249D20FF004ABBE6 /* Debug */,
				08D12B16249D20FF004ABBE6 /* Release */,
			);
			defaultConfigurationIsVisible = 0;
			defaultConfigurationName = Release;
		};
/* End XCConfigurationList section */
	};
	rootObject = 08D12AF8249D20FE004ABBE6 /* Project object */;
}
